
Microsoft Visual Studio Solution File, Format Version 12.00
# Visual Studio Version 18
VisualStudioVersion = 18.1.11312.151 d18.0
MinimumVisualStudioVersion = 10.0.40219.1
Project("{2150E333-8FDC-42A3-9474-1A3956D46DE8}") = "Internal", "Internal", "{1B5C1E2B-3396-45D3-855E-B56042BADD23}"
	ProjectSection(SolutionItems) = preProject
		Internal\.editorconfig = Internal\.editorconfig
	EndProjectSection
EndProject
Project("{2150E333-8FDC-42A3-9474-1A3956D46DE8}") = "QActions", "QActions", "{0A01637A-39B0-47B2-9BD4-CD28FFB716BE}"
EndProject
Project("{2150E333-8FDC-42A3-9474-1A3956D46DE8}") = "Dlls", "Dlls", "{3D7B10AE-9E58-4E94-B3C9-684653AEC8BC}"
	ProjectSection(SolutionItems) = preProject
		Dlls\ABOUT.md = Dlls\ABOUT.md
	EndProjectSection
EndProject
Project("{2150E333-8FDC-42A3-9474-1A3956D46DE8}") = "DefaultTemplates", "DefaultTemplates", "{F2683535-3B81-4454-9E99-120E5016BBCE}"
	ProjectSection(SolutionItems) = preProject
		DefaultTemplates\ABOUT.md = DefaultTemplates\ABOUT.md
	EndProjectSection
EndProject
Project("{2150E333-8FDC-42A3-9474-1A3956D46DE8}") = "Documentation", "Documentation", "{726B1619-9466-4A80-B0D1-26B901C690BE}"
	ProjectSection(SolutionItems) = preProject
		Documentation\ABOUT.md = Documentation\ABOUT.md
	EndProjectSection
EndProject
Project("{2150E333-8FDC-42A3-9474-1A3956D46DE8}") = "Solution Items", "Solution Items", "{AFC0C9F6-9EA8-4D70-89A9-3EDF587D4D97}"
	ProjectSection(SolutionItems) = preProject
		protocol.xml = protocol.xml
	EndProjectSection
EndProject
Project("{2150E333-8FDC-42A3-9474-1A3956D46DE8}") = "Tests", "Tests", "{C3093035-7096-4B23-89CA-4DF0C361F146}"
EndProject
Project("{2150E333-8FDC-42A3-9474-1A3956D46DE8}") = "Code Analysis", "Code Analysis", "{B8FF22F0-61ED-43E0-A799-2705917E304E}"
	ProjectSection(SolutionItems) = preProject
		Internal\Code Analysis\qaction-debug.ruleset = Internal\Code Analysis\qaction-debug.ruleset
		Internal\Code Analysis\qaction-release.ruleset = Internal\Code Analysis\qaction-release.ruleset
		Internal\Code Analysis\stylecop.json = Internal\Code Analysis\stylecop.json
	EndProjectSection
EndProject
Project("{FAE04EC0-301F-11D3-BF4B-00C04F79EFBC}") = "QAction_Helper", "QAction_Helper\QAction_Helper.csproj", "{DD3BFB83-FAF7-4FBE-B6E2-ECFD89BC942E}"
EndProject
Project("{FAE04EC0-301F-11D3-BF4B-00C04F79EFBC}") = "QAction_1", "QAction_1\QAction_1.csproj", "{4BB12579-8F35-4013-B566-7783B045A783}"
EndProject
Project("{FAE04EC0-301F-11D3-BF4B-00C04F79EFBC}") = "QAction_2", "QAction_2\QAction_2.csproj", "{37F4969F-52A7-4B0C-8ED6-08FD8DF982C0}"
EndProject
Project("{FAE04EC0-301F-11D3-BF4B-00C04F79EFBC}") = "QAction_66", "QAction_66\QAction_66.csproj", "{14507E2C-F450-466C-E691-B1FE7A1D00FB}"
EndProject
Project("{FAE04EC0-301F-11D3-BF4B-00C04F79EFBC}") = "QAction_1052", "QAction_1052\QAction_1052.csproj", "{DC1C5D19-D3D2-3489-8A03-7063FA803817}"
EndProject
Global
	GlobalSection(SolutionConfigurationPlatforms) = preSolution
		Debug|Any CPU = Debug|Any CPU
		Release|Any CPU = Release|Any CPU
	EndGlobalSection
	GlobalSection(ProjectConfigurationPlatforms) = postSolution
		{DD3BFB83-FAF7-4FBE-B6E2-ECFD89BC942E}.Debug|Any CPU.ActiveCfg = Debug|Any CPU
		{DD3BFB83-FAF7-4FBE-B6E2-ECFD89BC942E}.Debug|Any CPU.Build.0 = Debug|Any CPU
		{DD3BFB83-FAF7-4FBE-B6E2-ECFD89BC942E}.Release|Any CPU.ActiveCfg = Release|Any CPU
		{DD3BFB83-FAF7-4FBE-B6E2-ECFD89BC942E}.Release|Any CPU.Build.0 = Release|Any CPU
		{4BB12579-8F35-4013-B566-7783B045A783}.Debug|Any CPU.ActiveCfg = Debug|Any CPU
		{4BB12579-8F35-4013-B566-7783B045A783}.Debug|Any CPU.Build.0 = Debug|Any CPU
		{4BB12579-8F35-4013-B566-7783B045A783}.Release|Any CPU.ActiveCfg = Release|Any CPU
		{4BB12579-8F35-4013-B566-7783B045A783}.Release|Any CPU.Build.0 = Release|Any CPU
		{37F4969F-52A7-4B0C-8ED6-08FD8DF982C0}.Debug|Any CPU.ActiveCfg = Debug|Any CPU
		{37F4969F-52A7-4B0C-8ED6-08FD8DF982C0}.Debug|Any CPU.Build.0 = Debug|Any CPU
		{37F4969F-52A7-4B0C-8ED6-08FD8DF982C0}.Release|Any CPU.ActiveCfg = Release|Any CPU
		{37F4969F-52A7-4B0C-8ED6-08FD8DF982C0}.Release|Any CPU.Build.0 = Release|Any CPU
		{14507E2C-F450-466C-E691-B1FE7A1D00FB}.Debug|Any CPU.ActiveCfg = Debug|Any CPU
		{14507E2C-F450-466C-E691-B1FE7A1D00FB}.Debug|Any CPU.Build.0 = Debug|Any CPU
		{14507E2C-F450-466C-E691-B1FE7A1D00FB}.Release|Any CPU.ActiveCfg = Release|Any CPU
		{14507E2C-F450-466C-E691-B1FE7A1D00FB}.Release|Any CPU.Build.0 = Release|Any CPU
		{DC1C5D19-D3D2-3489-8A03-7063FA803817}.Debug|Any CPU.ActiveCfg = Debug|Any CPU
		{DC1C5D19-D3D2-3489-8A03-7063FA803817}.Debug|Any CPU.Build.0 = Debug|Any CPU
		{DC1C5D19-D3D2-3489-8A03-7063FA803817}.Release|Any CPU.ActiveCfg = Release|Any CPU
		{DC1C5D19-D3D2-3489-8A03-7063FA803817}.Release|Any CPU.Build.0 = Release|Any CPU
	EndGlobalSection
	GlobalSection(SolutionProperties) = preSolution
		HideSolutionNode = FALSE
	EndGlobalSection
	GlobalSection(NestedProjects) = preSolution
		{B8FF22F0-61ED-43E0-A799-2705917E304E} = {1B5C1E2B-3396-45D3-855E-B56042BADD23}
		{DD3BFB83-FAF7-4FBE-B6E2-ECFD89BC942E} = {1B5C1E2B-3396-45D3-855E-B56042BADD23}
		{4BB12579-8F35-4013-B566-7783B045A783} = {0A01637A-39B0-47B2-9BD4-CD28FFB716BE}
		{37F4969F-52A7-4B0C-8ED6-08FD8DF982C0} = {0A01637A-39B0-47B2-9BD4-CD28FFB716BE}
		{14507E2C-F450-466C-E691-B1FE7A1D00FB} = {0A01637A-39B0-47B2-9BD4-CD28FFB716BE}
		{DC1C5D19-D3D2-3489-8A03-7063FA803817} = {0A01637A-39B0-47B2-9BD4-CD28FFB716BE}
	EndGlobalSection
	GlobalSection(ExtensibilityGlobals) = postSolution
		SolutionGuid = {657166FE-1CE9-446A-BB6A-C1EC8D229119}
	EndGlobalSection
EndGlobal
